<Solution>
  <Project Path="PasswordManager.App/PasswordManager.App.csproj" />
  <Project Path="PasswordManager.Core/PasswordManager.Core.csproj" />
  <Project Path="PasswordManager.Infrastructure/PasswordManager.Infrastructure.csproj" />
  <Project Path="PasswordManager.Services/PasswordManager.Services.csproj" />
</Solution>
